
Microsoft Visual Studio Solution File, Format Version 12.00
# Visual Studio Version 16
VisualStudioVersion = 16.0.33927.289
MinimumVisualStudioVersion = 10.0.40219.1
Project("{FAE04EC0-301F-11D3-BF4B-00C04F79EFBC}") = "Tyuiu.VolovikovMV.Sprint4.Task0.V15.Lib", "Tyuiu.VolovikovMV.Sprint4.Task0.V15.Lib\Tyuiu.VolovikovMV.Sprint4.Task0.V15.Lib.csproj", "{BE42D35E-E5AD-4608-9EA0-756213FF8F78}"
EndProject
Project("{FAE04EC0-301F-11D3-BF4B-00C04F79EFBC}") = "Tyuiu.VolovikovMV.Sprint4.Task0.V15", "Tyuiu.VolovikovMV.Sprint4.Task0.V15\Tyuiu.VolovikovMV.Sprint4.Task0.V15.csproj", "{7860008F-7090-49EF-9DD5-9043EB3C0C83}"
EndProject
Project("{FAE04EC0-301F-11D3-BF4B-00C04F79EFBC}") = "Tyuiu.VolovikovMV.Sprint4.Task0.V15.Test", "Tyuiu.VolovikovMV.Sprint4.Task0.V15.Test\Tyuiu.VolovikovMV.Sprint4.Task0.V15.Test.csproj", "{5001E75E-0C79-4BD0-8366-8D5319EF9AFD}"
EndProject
Project("{2150E333-8FDC-42A3-9474-1A3956D46DE8}") = "Task0", "Task0", "{E6EDC4D6-5CA7-40B1-9A8B-705B10C7143B}"
EndProject
Project("{2150E333-8FDC-42A3-9474-1A3956D46DE8}") = "Task1", "Task1", "{A58F6539-53DC-4B29-9530-E11BE34AC853}"
EndProject
Project("{FAE04EC0-301F-11D3-BF4B-00C04F79EFBC}") = "Tyuiu.VolovikovMV.Sprint4.Task1.V17", "Tyuiu.VolovikovMV.Sprint4.Task1.V17\Tyuiu.VolovikovMV.Sprint4.Task1.V17.csproj", "{20CA22B8-D0CA-4F1F-9C26-36E8F168058F}"
EndProject
Project("{FAE04EC0-301F-11D3-BF4B-00C04F79EFBC}") = "Tyuiu.VolovikovMV.Sprint4.Task1.V17.Lib", "Tyuiu.VolovikovMV.Sprint4.Task1.V17.Lib\Tyuiu.VolovikovMV.Sprint4.Task1.V17.Lib.csproj", "{0705005E-1043-4CAB-BA29-2FE13C95FE77}"
EndProject
Project("{FAE04EC0-301F-11D3-BF4B-00C04F79EFBC}") = "Tyuiu.VolovikovMV.Sprint4.Task1.V17.Test", "Tyuiu.VolovikovMV.Sprint4.Task1.V17.Test\Tyuiu.VolovikovMV.Sprint4.Task1.V17.Test.csproj", "{AC28D973-6BA1-49F7-A1FF-7A23CB25595F}"
EndProject
Global
	GlobalSection(SolutionConfigurationPlatforms) = preSolution
		Debug|Any CPU = Debug|Any CPU
		Release|Any CPU = Release|Any CPU
	EndGlobalSection
	GlobalSection(ProjectConfigurationPlatforms) = postSolution
		{BE42D35E-E5AD-4608-9EA0-756213FF8F78}.Debug|Any CPU.ActiveCfg = Debug|Any CPU
		{BE42D35E-E5AD-4608-9EA0-756213FF8F78}.Debug|Any CPU.Build.0 = Debug|Any CPU
		{BE42D35E-E5AD-4608-9EA0-756213FF8F78}.Release|Any CPU.ActiveCfg = Release|Any CPU
		{BE42D35E-E5AD-4608-9EA0-756213FF8F78}.Release|Any CPU.Build.0 = Release|Any CPU
		{7860008F-7090-49EF-9DD5-9043EB3C0C83}.Debug|Any CPU.ActiveCfg = Debug|Any CPU
		{7860008F-7090-49EF-9DD5-9043EB3C0C83}.Debug|Any CPU.Build.0 = Debug|Any CPU
		{7860008F-7090-49EF-9DD5-9043EB3C0C83}.Release|Any CPU.ActiveCfg = Release|Any CPU
		{7860008F-7090-49EF-9DD5-9043EB3C0C83}.Release|Any CPU.Build.0 = Release|Any CPU
		{5001E75E-0C79-4BD0-8366-8D5319EF9AFD}.Debug|Any CPU.ActiveCfg = Debug|Any CPU
		{5001E75E-0C79-4BD0-8366-8D5319EF9AFD}.Debug|Any CPU.Build.0 = Debug|Any CPU
		{5001E75E-0C79-4BD0-8366-8D5319EF9AFD}.Release|Any CPU.ActiveCfg = Release|Any CPU
		{5001E75E-0C79-4BD0-8366-8D5319EF9AFD}.Release|Any CPU.Build.0 = Release|Any CPU
		{20CA22B8-D0CA-4F1F-9C26-36E8F168058F}.Debug|Any CPU.ActiveCfg = Debug|Any CPU
		{20CA22B8-D0CA-4F1F-9C26-36E8F168058F}.Debug|Any CPU.Build.0 = Debug|Any CPU
		{20CA22B8-D0CA-4F1F-9C26-36E8F168058F}.Release|Any CPU.ActiveCfg = Release|Any CPU
		{20CA22B8-D0CA-4F1F-9C26-36E8F168058F}.Release|Any CPU.Build.0 = Release|Any CPU
		{0705005E-1043-4CAB-BA29-2FE13C95FE77}.Debug|Any CPU.ActiveCfg = Debug|Any CPU
		{0705005E-1043-4CAB-BA29-2FE13C95FE77}.Debug|Any CPU.Build.0 = Debug|Any CPU
		{0705005E-1043-4CAB-BA29-2FE13C95FE77}.Release|Any CPU.ActiveCfg = Release|Any CPU
		{0705005E-1043-4CAB-BA29-2FE13C95FE77}.Release|Any CPU.Build.0 = Release|Any CPU
		{AC28D973-6BA1-49F7-A1FF-7A23CB25595F}.Debug|Any CPU.ActiveCfg = Debug|Any CPU
		{AC28D973-6BA1-49F7-A1FF-7A23CB25595F}.Debug|Any CPU.Build.0 = Debug|Any CPU
		{AC28D973-6BA1-49F7-A1FF-7A23CB25595F}.Release|Any CPU.ActiveCfg = Release|Any CPU
		{AC28D973-6BA1-49F7-A1FF-7A23CB25595F}.Release|Any CPU.Build.0 = Release|Any CPU
	EndGlobalSection
	GlobalSection(SolutionProperties) = preSolution
		HideSolutionNode = FALSE
	EndGlobalSection
	GlobalSection(NestedProjects) = preSolution
		{BE42D35E-E5AD-4608-9EA0-756213FF8F78} = {E6EDC4D6-5CA7-40B1-9A8B-705B10C7143B}
		{7860008F-7090-49EF-9DD5-9043EB3C0C83} = {E6EDC4D6-5CA7-40B1-9A8B-705B10C7143B}
		{5001E75E-0C79-4BD0-8366-8D5319EF9AFD} = {E6EDC4D6-5CA7-40B1-9A8B-705B10C7143B}
		{20CA22B8-D0CA-4F1F-9C26-36E8F168058F} = {A58F6539-53DC-4B29-9530-E11BE34AC853}
		{0705005E-1043-4CAB-BA29-2FE13C95FE77} = {A58F6539-53DC-4B29-9530-E11BE34AC853}
		{AC28D973-6BA1-49F7-A1FF-7A23CB25595F} = {A58F6539-53DC-4B29-9530-E11BE34AC853}
	EndGlobalSection
	GlobalSection(ExtensibilityGlobals) = postSolution
		SolutionGuid = {9DA79951-E3F6-45F5-A9E9-5C21C504A837}
	EndGlobalSection
EndGlobal
