
Microsoft Visual Studio Solution File, Format Version 12.00
# Visual Studio Version 16
VisualStudioVersion = 16.0.33927.289
MinimumVisualStudioVersion = 10.0.40219.1
Project("{FAE04EC0-301F-11D3-BF4B-00C04F79EFBC}") = "Tyuiu.VolovikovMV.Sprint4.Task0.V15.Lib", "Tyuiu.VolovikovMV.Sprint4.Task0.V15.Lib\Tyuiu.VolovikovMV.Sprint4.Task0.V15.Lib.csproj", "{BE42D35E-E5AD-4608-9EA0-756213FF8F78}"
EndProject
Project("{FAE04EC0-301F-11D3-BF4B-00C04F79EFBC}") = "Tyuiu.VolovikovMV.Sprint4.Task0.V15", "Tyuiu.VolovikovMV.Sprint4.Task0.V15\Tyuiu.VolovikovMV.Sprint4.Task0.V15.csproj", "{7860008F-7090-49EF-9DD5-9043EB3C0C83}"
EndProject
Project("{FAE04EC0-301F-11D3-BF4B-00C04F79EFBC}") = "Tyuiu.VolovikovMV.Sprint4.Task0.V15.Test", "Tyuiu.VolovikovMV.Sprint4.Task0.V15.Test\Tyuiu.VolovikovMV.Sprint4.Task0.V15.Test.csproj", "{5001E75E-0C79-4BD0-8366-8D5319EF9AFD}"
EndProject
Project("{2150E333-8FDC-42A3-9474-1A3956D46DE8}") = "Task0", "Task0", "{E6EDC4D6-5CA7-40B1-9A8B-705B10C7143B}"
EndProject
Project("{2150E333-8FDC-42A3-9474-1A3956D46DE8}") = "Task1", "Task1", "{A58F6539-53DC-4B29-9530-E11BE34AC853}"
EndProject
Project("{FAE04EC0-301F-11D3-BF4B-00C04F79EFBC}") = "Tyuiu.VolovikovMV.Sprint4.Task1.V17", "Tyuiu.VolovikovMV.Sprint4.Task1.V17\Tyuiu.VolovikovMV.Sprint4.Task1.V17.csproj", "{20CA22B8-D0CA-4F1F-9C26-36E8F168058F}"
EndProject
Project("{FAE04EC0-301F-11D3-BF4B-00C04F79EFBC}") = "Tyuiu.VolovikovMV.Sprint4.Task1.V17.Lib", "Tyuiu.VolovikovMV.Sprint4.Task1.V17.Lib\Tyuiu.VolovikovMV.Sprint4.Task1.V17.Lib.csproj", "{0705005E-1043-4CAB-BA29-2FE13C95FE77}"
EndProject
Project("{FAE04EC0-301F-11D3-BF4B-00C04F79EFBC}") = "Tyuiu.VolovikovMV.Sprint4.Task1.V17.Test", "Tyuiu.VolovikovMV.Sprint4.Task1.V17.Test\Tyuiu.VolovikovMV.Sprint4.Task1.V17.Test.csproj", "{AC28D973-6BA1-49F7-A1FF-7A23CB25595F}"
EndProject
Project("{2150E333-8FDC-42A3-9474-1A3956D46DE8}") = "Task2", "Task2", "{F8C89FDD-CE8C-400D-B7DB-EB93A02128F8}"
EndProject
Project("{FAE04EC0-301F-11D3-BF4B-00C04F79EFBC}") = "Tyuiu.VolovikovMV.Sprint4.Task2.V7", "Tyuiu.VolovikovMV.Sprint4.Task2.V7\Tyuiu.VolovikovMV.Sprint4.Task2.V7.csproj", "{4E04F8B6-0A55-47FE-A484-339E6B9CA31B}"
EndProject
Project("{FAE04EC0-301F-11D3-BF4B-00C04F79EFBC}") = "Tyuiu.VolovikovMV.Sprint4.Task2.V7.Lib", "Tyuiu.VolovikovMV.Sprint4.Task2.V7.Lib\Tyuiu.VolovikovMV.Sprint4.Task2.V7.Lib.csproj", "{B0121DCC-543F-4EBD-A771-7E944AB1701D}"
EndProject
Project("{FAE04EC0-301F-11D3-BF4B-00C04F79EFBC}") = "Tyuiu.VolovikovMV.Sprint4.Task2.V7.Test", "Tyuiu.VolovikovMV.Sprint4.Task2.V7.Test\Tyuiu.VolovikovMV.Sprint4.Task2.V7.Test.csproj", "{A5905187-5E92-4EBB-B30D-84B5D3CD5701}"
EndProject
Project("{2150E333-8FDC-42A3-9474-1A3956D46DE8}") = "Task3", "Task3", "{FECE92BF-1316-45FC-9A62-B68D8931563F}"
EndProject
Project("{FAE04EC0-301F-11D3-BF4B-00C04F79EFBC}") = "Tyuiu.VolovikovMV.Sprint4.Task3.V29", "Tyuiu.VolovikovMV.Sprint4.Task3.V29\Tyuiu.VolovikovMV.Sprint4.Task3.V29.csproj", "{B85876F6-B382-4E05-827B-0EFB526AF0CB}"
EndProject
Project("{FAE04EC0-301F-11D3-BF4B-00C04F79EFBC}") = "Tyuiu.VolovikovMV.Sprint4.Task3.V29.Lib", "Tyuiu.VolovikovMV.Sprint4.Task3.V29.Lib\Tyuiu.VolovikovMV.Sprint4.Task3.V29.Lib.csproj", "{A27AE5E8-2451-4F4B-B533-8EC318FD7E7D}"
EndProject
Project("{FAE04EC0-301F-11D3-BF4B-00C04F79EFBC}") = "Tyuiu.VolovikovMV.Sprint4.Task3.V29.Test", "Tyuiu.VolovikovMV.Sprint4.Task3.V29.Test\Tyuiu.VolovikovMV.Sprint4.Task3.V29.Test.csproj", "{E8E684B0-628E-47BD-B2FE-6D0F0ACBD539}"
EndProject
Project("{2150E333-8FDC-42A3-9474-1A3956D46DE8}") = "Task4", "Task4", "{63507290-7A4B-4921-8642-C9496D24ACD5}"
EndProject
Project("{FAE04EC0-301F-11D3-BF4B-00C04F79EFBC}") = "Tyuiu.VolovikovMV.Sprint4.Task4.V27", "Tyuiu.VolovikovMV.Sprint4.Task4.V27\Tyuiu.VolovikovMV.Sprint4.Task4.V27.csproj", "{8D368A39-9D85-4329-BDBE-C4E1BC64FC93}"
EndProject
Project("{FAE04EC0-301F-11D3-BF4B-00C04F79EFBC}") = "Tyuiu.VolovikovMV.Sprint4.Task4.V27.Lib", "Tyuiu.VolovikovMV.Sprint4.Task4.V27.Lib\Tyuiu.VolovikovMV.Sprint4.Task4.V27.Lib.csproj", "{2ABFA19E-DADA-43CD-BEB2-71350F1B9086}"
EndProject
Project("{FAE04EC0-301F-11D3-BF4B-00C04F79EFBC}") = "Tyuiu.VolovikovMV.Sprint4.Task4.V27.Test", "Tyuiu.VolovikovMV.Sprint4.Task4.V27.Test\Tyuiu.VolovikovMV.Sprint4.Task4.V27.Test.csproj", "{1151168A-5BAB-470B-BDA3-C4A628C00E35}"
EndProject
Project("{2150E333-8FDC-42A3-9474-1A3956D46DE8}") = "Task5", "Task5", "{E0050119-834C-41C1-860B-6F15C674A773}"
EndProject
Project("{FAE04EC0-301F-11D3-BF4B-00C04F79EFBC}") = "Tyuiu.VolovikovMV.Sprint4.Task5.V23", "Tyuiu.VolovikovMV.Sprint4.Task5.V23\Tyuiu.VolovikovMV.Sprint4.Task5.V23.csproj", "{C31BB9D9-BB86-42F8-911C-EC80754FE32C}"
EndProject
Project("{FAE04EC0-301F-11D3-BF4B-00C04F79EFBC}") = "Tyuiu.VolovikovMV.Sprint4.Task5.V23.Lib", "Tyuiu.VolovikovMV.Sprint4.Task5.V23.Lib\Tyuiu.VolovikovMV.Sprint4.Task5.V23.Lib.csproj", "{A2FEADBF-5B1F-46A6-BE55-0275954D68B5}"
EndProject
Project("{FAE04EC0-301F-11D3-BF4B-00C04F79EFBC}") = "Tyuiu.VolovikovMV.Sprint4.Task5.V23.Test", "Tyuiu.VolovikovMV.Sprint4.Task5.V23.Test\Tyuiu.VolovikovMV.Sprint4.Task5.V23.Test.csproj", "{2C7CC560-61EE-41AC-AD28-C4E669DB7BFF}"
EndProject
Project("{2150E333-8FDC-42A3-9474-1A3956D46DE8}") = "Task6", "Task6", "{D50859FA-1DEA-446E-84FF-760E475D668C}"
EndProject
Project("{FAE04EC0-301F-11D3-BF4B-00C04F79EFBC}") = "Tyuiu.VolovikovMV.Sprint4.Task6.V6", "Tyuiu.VolovikovMV.Sprint4.Task6.V6\Tyuiu.VolovikovMV.Sprint4.Task6.V6.csproj", "{E0F11156-C58B-4E63-912C-4C4C64D24258}"
EndProject
Project("{FAE04EC0-301F-11D3-BF4B-00C04F79EFBC}") = "Tyuiu.VolovikovMV.Sprint4.Task6.V6.Lib", "Tyuiu.VolovikovMV.Sprint4.Task6.V6.Lib\Tyuiu.VolovikovMV.Sprint4.Task6.V6.Lib.csproj", "{DD2F0429-C486-45D9-AB39-0F5387D8AC7A}"
EndProject
Project("{FAE04EC0-301F-11D3-BF4B-00C04F79EFBC}") = "Tyuiu.VolovikovMV.Sprint4.Task6.V6.Test", "Tyuiu.VolovikovMV.Sprint4.Task6.V6.Test\Tyuiu.VolovikovMV.Sprint4.Task6.V6.Test.csproj", "{BC85F942-C53F-46FD-BCFA-A753366492E9}"
EndProject
Project("{2150E333-8FDC-42A3-9474-1A3956D46DE8}") = "Task7", "Task7", "{26DE20CA-B16E-4076-AFEF-2CFF432512B7}"
EndProject
Project("{FAE04EC0-301F-11D3-BF4B-00C04F79EFBC}") = "Tyuiu.VolovikovMV.Sprint4.Task7.V6", "Tyuiu.VolovikovMV.Sprint4.Task7.V6\Tyuiu.VolovikovMV.Sprint4.Task7.V6.csproj", "{BD6ED4DF-B202-4F0F-9970-81A28CE643DF}"
EndProject
Project("{FAE04EC0-301F-11D3-BF4B-00C04F79EFBC}") = "Tyuiu.VolovikovMV.Sprint4.Task7.V6.Lib", "Tyuiu.VolovikovMV.Sprint4.Task7.V6.Lib\Tyuiu.VolovikovMV.Sprint4.Task7.V6.Lib.csproj", "{100241F7-854B-4A5E-9670-F88690DE234B}"
EndProject
Project("{FAE04EC0-301F-11D3-BF4B-00C04F79EFBC}") = "Tyuiu.VolovikovMV.Sprint4.Task7.V6.Test", "Tyuiu.VolovikovMV.Sprint4.Task7.V6.Test\Tyuiu.VolovikovMV.Sprint4.Task7.V6.Test.csproj", "{FE9B8275-968F-4EDF-9E11-9B8633813CBB}"
EndProject
Global
	GlobalSection(SolutionConfigurationPlatforms) = preSolution
		Debug|Any CPU = Debug|Any CPU
		Release|Any CPU = Release|Any CPU
	EndGlobalSection
	GlobalSection(ProjectConfigurationPlatforms) = postSolution
		{BE42D35E-E5AD-4608-9EA0-756213FF8F78}.Debug|Any CPU.ActiveCfg = Debug|Any CPU
		{BE42D35E-E5AD-4608-9EA0-756213FF8F78}.Debug|Any CPU.Build.0 = Debug|Any CPU
		{BE42D35E-E5AD-4608-9EA0-756213FF8F78}.Release|Any CPU.ActiveCfg = Release|Any CPU
		{BE42D35E-E5AD-4608-9EA0-756213FF8F78}.Release|Any CPU.Build.0 = Release|Any CPU
		{7860008F-7090-49EF-9DD5-9043EB3C0C83}.Debug|Any CPU.ActiveCfg = Debug|Any CPU
		{7860008F-7090-49EF-9DD5-9043EB3C0C83}.Debug|Any CPU.Build.0 = Debug|Any CPU
		{7860008F-7090-49EF-9DD5-9043EB3C0C83}.Release|Any CPU.ActiveCfg = Release|Any CPU
		{7860008F-7090-49EF-9DD5-9043EB3C0C83}.Release|Any CPU.Build.0 = Release|Any CPU
		{5001E75E-0C79-4BD0-8366-8D5319EF9AFD}.Debug|Any CPU.ActiveCfg = Debug|Any CPU
		{5001E75E-0C79-4BD0-8366-8D5319EF9AFD}.Debug|Any CPU.Build.0 = Debug|Any CPU
		{5001E75E-0C79-4BD0-8366-8D5319EF9AFD}.Release|Any CPU.ActiveCfg = Release|Any CPU
		{5001E75E-0C79-4BD0-8366-8D5319EF9AFD}.Release|Any CPU.Build.0 = Release|Any CPU
		{20CA22B8-D0CA-4F1F-9C26-36E8F168058F}.Debug|Any CPU.ActiveCfg = Debug|Any CPU
		{20CA22B8-D0CA-4F1F-9C26-36E8F168058F}.Debug|Any CPU.Build.0 = Debug|Any CPU
		{20CA22B8-D0CA-4F1F-9C26-36E8F168058F}.Release|Any CPU.ActiveCfg = Release|Any CPU
		{20CA22B8-D0CA-4F1F-9C26-36E8F168058F}.Release|Any CPU.Build.0 = Release|Any CPU
		{0705005E-1043-4CAB-BA29-2FE13C95FE77}.Debug|Any CPU.ActiveCfg = Debug|Any CPU
		{0705005E-1043-4CAB-BA29-2FE13C95FE77}.Debug|Any CPU.Build.0 = Debug|Any CPU
		{0705005E-1043-4CAB-BA29-2FE13C95FE77}.Release|Any CPU.ActiveCfg = Release|Any CPU
		{0705005E-1043-4CAB-BA29-2FE13C95FE77}.Release|Any CPU.Build.0 = Release|Any CPU
		{AC28D973-6BA1-49F7-A1FF-7A23CB25595F}.Debug|Any CPU.ActiveCfg = Debug|Any CPU
		{AC28D973-6BA1-49F7-A1FF-7A23CB25595F}.Debug|Any CPU.Build.0 = Debug|Any CPU
		{AC28D973-6BA1-49F7-A1FF-7A23CB25595F}.Release|Any CPU.ActiveCfg = Release|Any CPU
		{AC28D973-6BA1-49F7-A1FF-7A23CB25595F}.Release|Any CPU.Build.0 = Release|Any CPU
		{4E04F8B6-0A55-47FE-A484-339E6B9CA31B}.Debug|Any CPU.ActiveCfg = Debug|Any CPU
		{4E04F8B6-0A55-47FE-A484-339E6B9CA31B}.Debug|Any CPU.Build.0 = Debug|Any CPU
		{4E04F8B6-0A55-47FE-A484-339E6B9CA31B}.Release|Any CPU.ActiveCfg = Release|Any CPU
		{4E04F8B6-0A55-47FE-A484-339E6B9CA31B}.Release|Any CPU.Build.0 = Release|Any CPU
		{B0121DCC-543F-4EBD-A771-7E944AB1701D}.Debug|Any CPU.ActiveCfg = Debug|Any CPU
		{B0121DCC-543F-4EBD-A771-7E944AB1701D}.Debug|Any CPU.Build.0 = Debug|Any CPU
		{B0121DCC-543F-4EBD-A771-7E944AB1701D}.Release|Any CPU.ActiveCfg = Release|Any CPU
		{B0121DCC-543F-4EBD-A771-7E944AB1701D}.Release|Any CPU.Build.0 = Release|Any CPU
		{A5905187-5E92-4EBB-B30D-84B5D3CD5701}.Debug|Any CPU.ActiveCfg = Debug|Any CPU
		{A5905187-5E92-4EBB-B30D-84B5D3CD5701}.Debug|Any CPU.Build.0 = Debug|Any CPU
		{A5905187-5E92-4EBB-B30D-84B5D3CD5701}.Release|Any CPU.ActiveCfg = Release|Any CPU
		{A5905187-5E92-4EBB-B30D-84B5D3CD5701}.Release|Any CPU.Build.0 = Release|Any CPU
		{B85876F6-B382-4E05-827B-0EFB526AF0CB}.Debug|Any CPU.ActiveCfg = Debug|Any CPU
		{B85876F6-B382-4E05-827B-0EFB526AF0CB}.Debug|Any CPU.Build.0 = Debug|Any CPU
		{B85876F6-B382-4E05-827B-0EFB526AF0CB}.Release|Any CPU.ActiveCfg = Release|Any CPU
		{B85876F6-B382-4E05-827B-0EFB526AF0CB}.Release|Any CPU.Build.0 = Release|Any CPU
		{A27AE5E8-2451-4F4B-B533-8EC318FD7E7D}.Debug|Any CPU.ActiveCfg = Debug|Any CPU
		{A27AE5E8-2451-4F4B-B533-8EC318FD7E7D}.Debug|Any CPU.Build.0 = Debug|Any CPU
		{A27AE5E8-2451-4F4B-B533-8EC318FD7E7D}.Release|Any CPU.ActiveCfg = Release|Any CPU
		{A27AE5E8-2451-4F4B-B533-8EC318FD7E7D}.Release|Any CPU.Build.0 = Release|Any CPU
		{E8E684B0-628E-47BD-B2FE-6D0F0ACBD539}.Debug|Any CPU.ActiveCfg = Debug|Any CPU
		{E8E684B0-628E-47BD-B2FE-6D0F0ACBD539}.Debug|Any CPU.Build.0 = Debug|Any CPU
		{E8E684B0-628E-47BD-B2FE-6D0F0ACBD539}.Release|Any CPU.ActiveCfg = Release|Any CPU
		{E8E684B0-628E-47BD-B2FE-6D0F0ACBD539}.Release|Any CPU.Build.0 = Release|Any CPU
		{8D368A39-9D85-4329-BDBE-C4E1BC64FC93}.Debug|Any CPU.ActiveCfg = Debug|Any CPU
		{8D368A39-9D85-4329-BDBE-C4E1BC64FC93}.Debug|Any CPU.Build.0 = Debug|Any CPU
		{8D368A39-9D85-4329-BDBE-C4E1BC64FC93}.Release|Any CPU.ActiveCfg = Release|Any CPU
		{8D368A39-9D85-4329-BDBE-C4E1BC64FC93}.Release|Any CPU.Build.0 = Release|Any CPU
		{2ABFA19E-DADA-43CD-BEB2-71350F1B9086}.Debug|Any CPU.ActiveCfg = Debug|Any CPU
		{2ABFA19E-DADA-43CD-BEB2-71350F1B9086}.Debug|Any CPU.Build.0 = Debug|Any CPU
		{2ABFA19E-DADA-43CD-BEB2-71350F1B9086}.Release|Any CPU.ActiveCfg = Release|Any CPU
		{2ABFA19E-DADA-43CD-BEB2-71350F1B9086}.Release|Any CPU.Build.0 = Release|Any CPU
		{1151168A-5BAB-470B-BDA3-C4A628C00E35}.Debug|Any CPU.ActiveCfg = Debug|Any CPU
		{1151168A-5BAB-470B-BDA3-C4A628C00E35}.Debug|Any CPU.Build.0 = Debug|Any CPU
		{1151168A-5BAB-470B-BDA3-C4A628C00E35}.Release|Any CPU.ActiveCfg = Release|Any CPU
		{1151168A-5BAB-470B-BDA3-C4A628C00E35}.Release|Any CPU.Build.0 = Release|Any CPU
		{C31BB9D9-BB86-42F8-911C-EC80754FE32C}.Debug|Any CPU.ActiveCfg = Debug|Any CPU
		{C31BB9D9-BB86-42F8-911C-EC80754FE32C}.Debug|Any CPU.Build.0 = Debug|Any CPU
		{C31BB9D9-BB86-42F8-911C-EC80754FE32C}.Release|Any CPU.ActiveCfg = Release|Any CPU
		{C31BB9D9-BB86-42F8-911C-EC80754FE32C}.Release|Any CPU.Build.0 = Release|Any CPU
		{A2FEADBF-5B1F-46A6-BE55-0275954D68B5}.Debug|Any CPU.ActiveCfg = Debug|Any CPU
		{A2FEADBF-5B1F-46A6-BE55-0275954D68B5}.Debug|Any CPU.Build.0 = Debug|Any CPU
		{A2FEADBF-5B1F-46A6-BE55-0275954D68B5}.Release|Any CPU.ActiveCfg = Release|Any CPU
		{A2FEADBF-5B1F-46A6-BE55-0275954D68B5}.Release|Any CPU.Build.0 = Release|Any CPU
		{2C7CC560-61EE-41AC-AD28-C4E669DB7BFF}.Debug|Any CPU.ActiveCfg = Debug|Any CPU
		{2C7CC560-61EE-41AC-AD28-C4E669DB7BFF}.Debug|Any CPU.Build.0 = Debug|Any CPU
		{2C7CC560-61EE-41AC-AD28-C4E669DB7BFF}.Release|Any CPU.ActiveCfg = Release|Any CPU
		{2C7CC560-61EE-41AC-AD28-C4E669DB7BFF}.Release|Any CPU.Build.0 = Release|Any CPU
		{E0F11156-C58B-4E63-912C-4C4C64D24258}.Debug|Any CPU.ActiveCfg = Debug|Any CPU
		{E0F11156-C58B-4E63-912C-4C4C64D24258}.Debug|Any CPU.Build.0 = Debug|Any CPU
		{E0F11156-C58B-4E63-912C-4C4C64D24258}.Release|Any CPU.ActiveCfg = Release|Any CPU
		{E0F11156-C58B-4E63-912C-4C4C64D24258}.Release|Any CPU.Build.0 = Release|Any CPU
		{DD2F0429-C486-45D9-AB39-0F5387D8AC7A}.Debug|Any CPU.ActiveCfg = Debug|Any CPU
		{DD2F0429-C486-45D9-AB39-0F5387D8AC7A}.Debug|Any CPU.Build.0 = Debug|Any CPU
		{DD2F0429-C486-45D9-AB39-0F5387D8AC7A}.Release|Any CPU.ActiveCfg = Release|Any CPU
		{DD2F0429-C486-45D9-AB39-0F5387D8AC7A}.Release|Any CPU.Build.0 = Release|Any CPU
		{BC85F942-C53F-46FD-BCFA-A753366492E9}.Debug|Any CPU.ActiveCfg = Debug|Any CPU
		{BC85F942-C53F-46FD-BCFA-A753366492E9}.Debug|Any CPU.Build.0 = Debug|Any CPU
		{BC85F942-C53F-46FD-BCFA-A753366492E9}.Release|Any CPU.ActiveCfg = Release|Any CPU
		{BC85F942-C53F-46FD-BCFA-A753366492E9}.Release|Any CPU.Build.0 = Release|Any CPU
		{BD6ED4DF-B202-4F0F-9970-81A28CE643DF}.Debug|Any CPU.ActiveCfg = Debug|Any CPU
		{BD6ED4DF-B202-4F0F-9970-81A28CE643DF}.Debug|Any CPU.Build.0 = Debug|Any CPU
		{BD6ED4DF-B202-4F0F-9970-81A28CE643DF}.Release|Any CPU.ActiveCfg = Release|Any CPU
		{BD6ED4DF-B202-4F0F-9970-81A28CE643DF}.Release|Any CPU.Build.0 = Release|Any CPU
		{100241F7-854B-4A5E-9670-F88690DE234B}.Debug|Any CPU.ActiveCfg = Debug|Any CPU
		{100241F7-854B-4A5E-9670-F88690DE234B}.Debug|Any CPU.Build.0 = Debug|Any CPU
		{100241F7-854B-4A5E-9670-F88690DE234B}.Release|Any CPU.ActiveCfg = Release|Any CPU
		{100241F7-854B-4A5E-9670-F88690DE234B}.Release|Any CPU.Build.0 = Release|Any CPU
		{FE9B8275-968F-4EDF-9E11-9B8633813CBB}.Debug|Any CPU.ActiveCfg = Debug|Any CPU
		{FE9B8275-968F-4EDF-9E11-9B8633813CBB}.Debug|Any CPU.Build.0 = Debug|Any CPU
		{FE9B8275-968F-4EDF-9E11-9B8633813CBB}.Release|Any CPU.ActiveCfg = Release|Any CPU
		{FE9B8275-968F-4EDF-9E11-9B8633813CBB}.Release|Any CPU.Build.0 = Release|Any CPU
	EndGlobalSection
	GlobalSection(SolutionProperties) = preSolution
		HideSolutionNode = FALSE
	EndGlobalSection
	GlobalSection(NestedProjects) = preSolution
		{BE42D35E-E5AD-4608-9EA0-756213FF8F78} = {E6EDC4D6-5CA7-40B1-9A8B-705B10C7143B}
		{7860008F-7090-49EF-9DD5-9043EB3C0C83} = {E6EDC4D6-5CA7-40B1-9A8B-705B10C7143B}
		{5001E75E-0C79-4BD0-8366-8D5319EF9AFD} = {E6EDC4D6-5CA7-40B1-9A8B-705B10C7143B}
		{20CA22B8-D0CA-4F1F-9C26-36E8F168058F} = {A58F6539-53DC-4B29-9530-E11BE34AC853}
		{0705005E-1043-4CAB-BA29-2FE13C95FE77} = {A58F6539-53DC-4B29-9530-E11BE34AC853}
		{AC28D973-6BA1-49F7-A1FF-7A23CB25595F} = {A58F6539-53DC-4B29-9530-E11BE34AC853}
		{4E04F8B6-0A55-47FE-A484-339E6B9CA31B} = {F8C89FDD-CE8C-400D-B7DB-EB93A02128F8}
		{B0121DCC-543F-4EBD-A771-7E944AB1701D} = {F8C89FDD-CE8C-400D-B7DB-EB93A02128F8}
		{A5905187-5E92-4EBB-B30D-84B5D3CD5701} = {F8C89FDD-CE8C-400D-B7DB-EB93A02128F8}
		{B85876F6-B382-4E05-827B-0EFB526AF0CB} = {FECE92BF-1316-45FC-9A62-B68D8931563F}
		{A27AE5E8-2451-4F4B-B533-8EC318FD7E7D} = {FECE92BF-1316-45FC-9A62-B68D8931563F}
		{E8E684B0-628E-47BD-B2FE-6D0F0ACBD539} = {FECE92BF-1316-45FC-9A62-B68D8931563F}
		{8D368A39-9D85-4329-BDBE-C4E1BC64FC93} = {63507290-7A4B-4921-8642-C9496D24ACD5}
		{2ABFA19E-DADA-43CD-BEB2-71350F1B9086} = {63507290-7A4B-4921-8642-C9496D24ACD5}
		{1151168A-5BAB-470B-BDA3-C4A628C00E35} = {63507290-7A4B-4921-8642-C9496D24ACD5}
		{C31BB9D9-BB86-42F8-911C-EC80754FE32C} = {E0050119-834C-41C1-860B-6F15C674A773}
		{A2FEADBF-5B1F-46A6-BE55-0275954D68B5} = {E0050119-834C-41C1-860B-6F15C674A773}
		{2C7CC560-61EE-41AC-AD28-C4E669DB7BFF} = {E0050119-834C-41C1-860B-6F15C674A773}
		{E0F11156-C58B-4E63-912C-4C4C64D24258} = {D50859FA-1DEA-446E-84FF-760E475D668C}
		{DD2F0429-C486-45D9-AB39-0F5387D8AC7A} = {D50859FA-1DEA-446E-84FF-760E475D668C}
		{BC85F942-C53F-46FD-BCFA-A753366492E9} = {D50859FA-1DEA-446E-84FF-760E475D668C}
		{BD6ED4DF-B202-4F0F-9970-81A28CE643DF} = {26DE20CA-B16E-4076-AFEF-2CFF432512B7}
		{100241F7-854B-4A5E-9670-F88690DE234B} = {26DE20CA-B16E-4076-AFEF-2CFF432512B7}
		{FE9B8275-968F-4EDF-9E11-9B8633813CBB} = {26DE20CA-B16E-4076-AFEF-2CFF432512B7}
	EndGlobalSection
	GlobalSection(ExtensibilityGlobals) = postSolution
		SolutionGuid = {9DA79951-E3F6-45F5-A9E9-5C21C504A837}
	EndGlobalSection
EndGlobal
